
Microsoft Visual Studio Solution File, Format Version 12.00
# Visual Studio Version 17
VisualStudioVersion = 17.5.33424.131
MinimumVisualStudioVersion = 10.0.40219.1
Project("{FAE04EC0-301F-11D3-BF4B-00C04F79EFBC}") = "Bring Back The Light", "Bring Back The Light\Bring Back The Light.csproj", "{CCEBD889-97C3-4F42-84B8-6A061B70314C}"
EndProject
Global
	GlobalSection(SolutionConfigurationPlatforms) = preSolution
		Debug|Any CPU = Debug|Any CPU
		Release|Any CPU = Release|Any CPU
	EndGlobalSection
	GlobalSection(ProjectConfigurationPlatforms) = postSolution
		{CCEBD889-97C3-4F42-84B8-6A061B70314C}.Debug|Any CPU.ActiveCfg = Debug|Any CPU
		{CCEBD889-97C3-4F42-84B8-6A061B70314C}.Debug|Any CPU.Build.0 = Debug|Any CPU
		{CCEBD889-97C3-4F42-84B8-6A061B70314C}.Release|Any CPU.ActiveCfg = Release|Any CPU
		{CCEBD889-97C3-4F42-84B8-6A061B70314C}.Release|Any CPU.Build.0 = Release|Any CPU
	EndGlobalSection
	GlobalSection(SolutionProperties) = preSolution
		HideSolutionNode = FALSE
	EndGlobalSection
	GlobalSection(ExtensibilityGlobals) = postSolution
		SolutionGuid = {ABD9DC0E-EA8C-4A60-9652-78B0B2B91F4A}
	EndGlobalSection
EndGlobal
